
Microsoft Visual Studio Solution File, Format Version 10.00
# Visual Studio 2008
Project("{FAE04EC0-301F-11D3-BF4B-00C04F79EFBC}") = "WavFileReader", "WavFileReader\WavFileReader.csproj", "{120D8F0F-A952-46AC-A14A-6D880D64E6DC}"
EndProject
Project("{FAE04EC0-301F-11D3-BF4B-00C04F79EFBC}") = "Driver", "Driver\Driver.csproj", "{7DA438CE-9B90-4941-B472-E4DE042F815A}"
EndProject
Global
	GlobalSection(SolutionConfigurationPlatforms) = preSolution
		Debug|Any CPU = Debug|Any CPU
		Release|Any CPU = Release|Any CPU
	EndGlobalSection
	GlobalSection(ProjectConfigurationPlatforms) = postSolution
		{120D8F0F-A952-46AC-A14A-6D880D64E6DC}.Debug|Any CPU.ActiveCfg = Debug|Any CPU
		{120D8F0F-A952-46AC-A14A-6D880D64E6DC}.Debug|Any CPU.Build.0 = Debug|Any CPU
		{120D8F0F-A952-46AC-A14A-6D880D64E6DC}.Release|Any CPU.ActiveCfg = Release|Any CPU
		{120D8F0F-A952-46AC-A14A-6D880D64E6DC}.Release|Any CPU.Build.0 = Release|Any CPU
		{7DA438CE-9B90-4941-B472-E4DE042F815A}.Debug|Any CPU.ActiveCfg = Debug|Any CPU
		{7DA438CE-9B90-4941-B472-E4DE042F815A}.Debug|Any CPU.Build.0 = Debug|Any CPU
		{7DA438CE-9B90-4941-B472-E4DE042F815A}.Release|Any CPU.ActiveCfg = Release|Any CPU
		{7DA438CE-9B90-4941-B472-E4DE042F815A}.Release|Any CPU.Build.0 = Release|Any CPU
	EndGlobalSection
	GlobalSection(SolutionProperties) = preSolution
		HideSolutionNode = FALSE
	EndGlobalSection
EndGlobal
